// !$*UTF8*$!
{
	archiveVersion = 1;
	classes = {
	};
	objectVersion = 56;
	objects = {

/* Begin PBXBuildFile section */
		D49FB7302C9067A2001989B4 /* tagiApp.swift in Sources */ = {isa = PBXBuildFile; fileRef = D49FB72F2C9067A2001989B4 /* tagiApp.swift */; };
		D49FB7322C9067A2001989B4 /* ContentView.swift in Sources */ = {isa = PBXBuildFile; fileRef = D49FB7312C9067A2001989B4 /* ContentView.swift */; };
		D49FB7342C9067A3001989B4 /* Assets.xcassets in Resources */ = {isa = PBXBuildFile; fileRef = D49FB7332C9067A3001989B4 /* Assets.xcassets */; };
		D49FB7382C9067A3001989B4 /* Preview Assets.xcassets in Resources */ = {isa = PBXBuildFile; fileRef = D49FB7372C9067A3001989B4 /* Preview Assets.xcassets */; };
		D49FB7422C9067A3001989B4 /* tagiTests.swift in Sources */ = {isa = PBXBuildFile; fileRef = D49FB7412C9067A3001989B4 /* tagiTests.swift */; };
		D49FB74C2C9067A3001989B4 /* tagiUITests.swift in Sources */ = {isa = PBXBuildFile; fileRef = D49FB74B2C9067A3001989B4 /* tagiUITests.swift */; };
		D49FB74E2C9067A3001989B4 /* tagiUITestsLaunchTests.swift in Sources */ = {isa = PBXBuildFile; fileRef = D49FB74D2C9067A3001989B4 /* tagiUITestsLaunchTests.swift */; };
		D4C8A4CD2C90732E004F324A /* PDFKit.framework in Frameworks */ = {isa = PBXBuildFile; fileRef = D4C8A4CC2C90732E004F324A /* PDFKit.framework */; };
		D4C8A4CF2C907346004F324A /* AVFoundation.framework in Frameworks */ = {isa = PBXBuildFile; fileRef = D4C8A4CE2C907346004F324A /* AVFoundation.framework */; };
/* End PBXBuildFile section */

/* Begin PBXContainerItemProxy section */
		D49FB73E2C9067A3001989B4 /* PBXContainerItemProxy */ = {
			isa = PBXContainerItemProxy;
			containerPortal = D49FB7242C9067A2001989B4 /* Project object */;
			proxyType = 1;
			remoteGlobalIDString = D49FB72B2C9067A2001989B4;
			remoteInfo = tagi;
		};
		D49FB7482C9067A3001989B4 /* PBXContainerItemProxy */ = {
			isa = PBXContainerItemProxy;
			containerPortal = D49FB7242C9067A2001989B4 /* Project object */;
			proxyType = 1;
			remoteGlobalIDString = D49FB72B2C9067A2001989B4;
			remoteInfo = tagi;
		};
/* End PBXContainerItemProxy section */

/* Begin PBXFileReference section */
		D49FB72C2C9067A2001989B4 /* tagi.app */ = {isa = PBXFileReference; explicitFileType = wrapper.application; includeInIndex = 0; path = tagi.app; sourceTree = BUILT_PRODUCTS_DIR; };
		D49FB72F2C9067A2001989B4 /* tagiApp.swift */ = {isa = PBXFileReference; lastKnownFileType = sourcecode.swift; path = tagiApp.swift; sourceTree = "<group>"; };
		D49FB7312C9067A2001989B4 /* ContentView.swift */ = {isa = PBXFileReference; lastKnownFileType = sourcecode.swift; path = ContentView.swift; sourceTree = "<group>"; };
		D49FB7332C9067A3001989B4 /* Assets.xcassets */ = {isa = PBXFileReference; lastKnownFileType = folder.assetcatalog; path = Assets.xcassets; sourceTree = "<group>"; };
		D49FB7352C9067A3001989B4 /* tagi.entitlements */ = {isa = PBXFileReference; lastKnownFileType = text.plist.entitlements; path = tagi.entitlements; sourceTree = "<group>"; };
		D49FB7372C9067A3001989B4 /* Preview Assets.xcassets */ = {isa = PBXFileReference; lastKnownFileType = folder.assetcatalog; path = "Preview Assets.xcassets"; sourceTree = "<group>"; };
		D49FB73D2C9067A3001989B4 /* tagiTests.xctest */ = {isa = PBXFileReference; explicitFileType = wrapper.cfbundle; includeInIndex = 0; path = tagiTests.xctest; sourceTree = BUILT_PRODUCTS_DIR; };
		D49FB7412C9067A3001989B4 /* tagiTests.swift */ = {isa = PBXFileReference; lastKnownFileType = sourcecode.swift; path = tagiTests.swift; sourceTree = "<group>"; };
		D49FB7472C9067A3001989B4 /* tagiUITests.xctest */ = {isa = PBXFileReference; explicitFileType = wrapper.cfbundle; includeInIndex = 0; path = tagiUITests.xctest; sourceTree = BUILT_PRODUCTS_DIR; };
		D49FB74B2C9067A3001989B4 /* tagiUITests.swift */ = {isa = PBXFileReference; lastKnownFileType = sourcecode.swift; path = tagiUITests.swift; sourceTree = "<group>"; };
		D49FB74D2C9067A3001989B4 /* tagiUITestsLaunchTests.swift */ = {isa = PBXFileReference; lastKnownFileType = sourcecode.swift; path = tagiUITestsLaunchTests.swift; sourceTree = "<group>"; };
		D4C8A4CC2C90732E004F324A /* PDFKit.framework */ = {isa = PBXFileReference; lastKnownFileType = wrapper.framework; name = PDFKit.framework; path = Platforms/iPhoneOS.platform/Developer/SDKs/iPhoneOS17.5.sdk/System/Library/Frameworks/PDFKit.framework; sourceTree = DEVELOPER_DIR; };
		D4C8A4CE2C907346004F324A /* AVFoundation.framework */ = {isa = PBXFileReference; lastKnownFileType = wrapper.framework; name = AVFoundation.framework; path = Platforms/iPhoneOS.platform/Developer/SDKs/iPhoneOS17.5.sdk/System/Library/Frameworks/AVFoundation.framework; sourceTree = DEVELOPER_DIR; };
/* End PBXFileReference section */

/* Begin PBXFrameworksBuildPhase section */
		D49FB7292C9067A2001989B4 /* Frameworks */ = {
			isa = PBXFrameworksBuildPhase;
			buildActionMask = 2147483647;
			files = (
				D4C8A4CF2C907346004F324A /* AVFoundation.framework in Frameworks */,
				D4C8A4CD2C90732E004F324A /* PDFKit.framework in Frameworks */,
			);
			runOnlyForDeploymentPostprocessing = 0;
		};
		D49FB73A2C9067A3001989B4 /* Frameworks */ = {
			isa = PBXFrameworksBuildPhase;
			buildActionMask = 2147483647;
			files = (
			);
			runOnlyForDeploymentPostprocessing = 0;
		};
		D49FB7442C9067A3001989B4 /* Frameworks */ = {
			isa = PBXFrameworksBuildPhase;
			buildActionMask = 2147483647;
			files = (
			);
			runOnlyForDeploymentPostprocessing = 0;
		};
/* End PBXFrameworksBuildPhase section */

/* Begin PBXGroup section */
		D49FB7232C9067A2001989B4 = {
			isa = PBXGroup;
			children = (
				D49FB72E2C9067A2001989B4 /* tagi */,
				D49FB7402C9067A3001989B4 /* tagiTests */,
				D49FB74A2C9067A3001989B4 /* tagiUITests */,
				D49FB72D2C9067A2001989B4 /* Products */,
				D4C8A4CB2C90732E004F324A /* Frameworks */,
			);
			sourceTree = "<group>";
		};
		D49FB72D2C9067A2001989B4 /* Products */ = {
			isa = PBXGroup;
			children = (
				D49FB72C2C9067A2001989B4 /* tagi.app */,
				D49FB73D2C9067A3001989B4 /* tagiTests.xctest */,
				D49FB7472C9067A3001989B4 /* tagiUITests.xctest */,
			);
			name = Products;
			sourceTree = "<group>";
		};
		D49FB72E2C9067A2001989B4 /* tagi */ = {
			isa = PBXGroup;
			children = (
				D49FB72F2C9067A2001989B4 /* tagiApp.swift */,
				D49FB7312C9067A2001989B4 /* ContentView.swift */,
				D49FB7332C9067A3001989B4 /* Assets.xcassets */,
				D49FB7352C9067A3001989B4 /* tagi.entitlements */,
				D49FB7362C9067A3001989B4 /* Preview Content */,
			);
			path = tagi;
			sourceTree = "<group>";
		};
		D49FB7362C9067A3001989B4 /* Preview Content */ = {
			isa = PBXGroup;
			children = (
				D49FB7372C9067A3001989B4 /* Preview Assets.xcassets */,
			);
			path = "Preview Content";
			sourceTree = "<group>";
		};
		D49FB7402C9067A3001989B4 /* tagiTests */ = {
			isa = PBXGroup;
			children = (
				D49FB7412C9067A3001989B4 /* tagiTests.swift */,
			);
			path = tagiTests;
			sourceTree = "<group>";
		};
		D49FB74A2C9067A3001989B4 /* tagiUITests */ = {
			isa = PBXGroup;
			children = (
				D49FB74B2C9067A3001989B4 /* tagiUITests.swift */,
				D49FB74D2C9067A3001989B4 /* tagiUITestsLaunchTests.swift */,
			);
			path = tagiUITests;
			sourceTree = "<group>";
		};
		D4C8A4CB2C90732E004F324A /* Frameworks */ = {
			isa = PBXGroup;
			children = (
				D4C8A4CE2C907346004F324A /* AVFoundation.framework */,
				D4C8A4CC2C90732E004F324A /* PDFKit.framework */,
			);
			name = Frameworks;
			sourceTree = "<group>";
		};
/* End PBXGroup section */

/* Begin PBXNativeTarget section */
		D49FB72B2C9067A2001989B4 /* tagi */ = {
			isa = PBXNativeTarget;
			buildConfigurationList = D49FB7512C9067A3001989B4 /* Build configuration list for PBXNativeTarget "tagi" */;
			buildPhases = (
				D49FB7282C9067A2001989B4 /* Sources */,
				D49FB7292C9067A2001989B4 /* Frameworks */,
				D49FB72A2C9067A2001989B4 /* Resources */,
			);
			buildRules = (
			);
			dependencies = (
			);
			name = tagi;
			productName = tagi;
			productReference = D49FB72C2C9067A2001989B4 /* tagi.app */;
			productType = "com.apple.product-type.application";
		};
		D49FB73C2C9067A3001989B4 /* tagiTests */ = {
			isa = PBXNativeTarget;
			buildConfigurationList = D49FB7542C9067A3001989B4 /* Build configuration list for PBXNativeTarget "tagiTests" */;
			buildPhases = (
				D49FB7392C9067A3001989B4 /* Sources */,
				D49FB73A2C9067A3001989B4 /* Frameworks */,
				D49FB73B2C9067A3001989B4 /* Resources */,
			);
			buildRules = (
			);
			dependencies = (
				D49FB73F2C9067A3001989B4 /* PBXTargetDependency */,
			);
			name = tagiTests;
			productName = tagiTests;
			productReference = D49FB73D2C9067A3001989B4 /* tagiTests.xctest */;
			productType = "com.apple.product-type.bundle.unit-test";
		};
		D49FB7462C9067A3001989B4 /* tagiUITests */ = {
			isa = PBXNativeTarget;
			buildConfigurationList = D49FB7572C9067A3001989B4 /* Build configuration list for PBXNativeTarget "tagiUITests" */;
			buildPhases = (
				D49FB7432C9067A3001989B4 /* Sources */,
				D49FB7442C9067A3001989B4 /* Frameworks */,
				D49FB7452C9067A3001989B4 /* Resources */,
			);
			buildRules = (
			);
			dependencies = (
				D49FB7492C9067A3001989B4 /* PBXTargetDependency */,
			);
			name = tagiUITests;
			productName = tagiUITests;
			productReference = D49FB7472C9067A3001989B4 /* tagiUITests.xctest */;
			productType = "com.apple.product-type.bundle.ui-testing";
		};
/* End PBXNativeTarget section */

/* Begin PBXProject section */
		D49FB7242C9067A2001989B4 /* Project object */ = {
			isa = PBXProject;
			attributes = {
				BuildIndependentTargetsInParallel = 1;
				LastSwiftUpdateCheck = 1540;
				LastUpgradeCheck = 1540;
				TargetAttributes = {
					D49FB72B2C9067A2001989B4 = {
						CreatedOnToolsVersion = 15.4;
					};
					D49FB73C2C9067A3001989B4 = {
						CreatedOnToolsVersion = 15.4;
						TestTargetID = D49FB72B2C9067A2001989B4;
					};
					D49FB7462C9067A3001989B4 = {
						CreatedOnToolsVersion = 15.4;
						TestTargetID = D49FB72B2C9067A2001989B4;
					};
				};
			};
			buildConfigurationList = D49FB7272C9067A2001989B4 /* Build configuration list for PBXProject "tagi" */;
			compatibilityVersion = "Xcode 14.0";
			developmentRegion = en;
			hasScannedForEncodings = 0;
			knownRegions = (
				en,
				Base,
			);
			mainGroup = D49FB7232C9067A2001989B4;
			productRefGroup = D49FB72D2C9067A2001989B4 /* Products */;
			projectDirPath = "";
			projectRoot = "";
			targets = (
				D49FB72B2C9067A2001989B4 /* tagi */,
				D49FB73C2C9067A3001989B4 /* tagiTests */,
				D49FB7462C9067A3001989B4 /* tagiUITests */,
			);
		};
/* End PBXProject section */

/* Begin PBXResourcesBuildPhase section */
		D49FB72A2C9067A2001989B4 /* Resources */ = {
			isa = PBXResourcesBuildPhase;
			buildActionMask = 2147483647;
			files = (
				D49FB7382C9067A3001989B4 /* Preview Assets.xcassets in Resources */,
				D49FB7342C9067A3001989B4 /* Assets.xcassets in Resources */,
			);
			runOnlyForDeploymentPostprocessing = 0;
		};
		D49FB73B2C9067A3001989B4 /* Resources */ = {
			isa = PBXResourcesBuildPhase;
			buildActionMask = 2147483647;
			files = (
			);
			runOnlyForDeploymentPostprocessing = 0;
		};
		D49FB7452C9067A3001989B4 /* Resources */ = {
			isa = PBXResourcesBuildPhase;
			buildActionMask = 2147483647;
			files = (
			);
			runOnlyForDeploymentPostprocessing = 0;
		};
/* End PBXResourcesBuildPhase section */

/* Begin PBXSourcesBuildPhase section */
		D49FB7282C9067A2001989B4 /* Sources */ = {
			isa = PBXSourcesBuildPhase;
			buildActionMask = 2147483647;
			files = (
				D49FB7322C9067A2001989B4 /* ContentView.swift in Sources */,
				D49FB7302C9067A2001989B4 /* tagiApp.swift in Sources */,
			);
			runOnlyForDeploymentPostprocessing = 0;
		};
		D49FB7392C9067A3001989B4 /* Sources */ = {
			isa = PBXSourcesBuildPhase;
			buildActionMask = 2147483647;
			files = (
				D49FB7422C9067A3001989B4 /* tagiTests.swift in Sources */,
			);
			runOnlyForDeploymentPostprocessing = 0;
		};
		D49FB7432C9067A3001989B4 /* Sources */ = {
			isa = PBXSourcesBuildPhase;
			buildActionMask = 2147483647;
			files = (
				D49FB74C2C9067A3001989B4 /* tagiUITests.swift in Sources */,
				D49FB74E2C9067A3001989B4 /* tagiUITestsLaunchTests.swift in Sources */,
			);
			runOnlyForDeploymentPostprocessing = 0;
		};
/* End PBXSourcesBuildPhase section */

/* Begin PBXTargetDependency section */
		D49FB73F2C9067A3001989B4 /* PBXTargetDependency */ = {
			isa = PBXTargetDependency;
			target = D49FB72B2C9067A2001989B4 /* tagi */;
			targetProxy = D49FB73E2C9067A3001989B4 /* PBXContainerItemProxy */;
		};
		D49FB7492C9067A3001989B4 /* PBXTargetDependency */ = {
			isa = PBXTargetDependency;
			target = D49FB72B2C9067A2001989B4 /* tagi */;
			targetProxy = D49FB7482C9067A3001989B4 /* PBXContainerItemProxy */;
		};
/* End PBXTargetDependency section */

/* Begin XCBuildConfiguration section */
		D49FB74F2C9067A3001989B4 /* Debug */ = {
			isa = XCBuildConfiguration;
			buildSettings = {
				ALWAYS_SEARCH_USER_PATHS = NO;
				ASSETCATALOG_COMPILER_GENERATE_SWIFT_ASSET_SYMBOL_EXTENSIONS = YES;
				CLANG_ANALYZER_NONNULL = YES;
				CLANG_ANALYZER_NUMBER_OBJECT_CONVERSION = YES_AGGRESSIVE;
				CLANG_CXX_LANGUAGE_STANDARD = "gnu++20";
				CLANG_ENABLE_MODULES = YES;
				CLANG_ENABLE_OBJC_ARC = YES;
				CLANG_ENABLE_OBJC_WEAK = YES;
				CLANG_WARN_BLOCK_CAPTURE_AUTORELEASING = YES;
				CLANG_WARN_BOOL_CONVERSION = YES;
				CLANG_WARN_COMMA = YES;
				CLANG_WARN_CONSTANT_CONVERSION = YES;
				CLANG_WARN_DEPRECATED_OBJC_IMPLEMENTATIONS = YES;
				CLANG_WARN_DIRECT_OBJC_ISA_USAGE = YES_ERROR;
				CLANG_WARN_DOCUMENTATION_COMMENTS = YES;
				CLANG_WARN_EMPTY_BODY = YES;
				CLANG_WARN_ENUM_CONVERSION = YES;
				CLANG_WARN_INFINITE_RECURSION = YES;
				CLANG_WARN_INT_CONVERSION = YES;
				CLANG_WARN_NON_LITERAL_NULL_CONVERSION = YES;
				CLANG_WARN_OBJC_IMPLICIT_RETAIN_SELF = YES;
				CLANG_WARN_OBJC_LITERAL_CONVERSION = YES;
				CLANG_WARN_OBJC_ROOT_CLASS = YES_ERROR;
				CLANG_WARN_QUOTED_INCLUDE_IN_FRAMEWORK_HEADER = YES;
				CLANG_WARN_RANGE_LOOP_ANALYSIS = YES;
				CLANG_WARN_STRICT_PROTOTYPES = YES;
				CLANG_WARN_SUSPICIOUS_MOVE = YES;
				CLANG_WARN_UNGUARDED_AVAILABILITY = YES_AGGRESSIVE;
				CLANG_WARN_UNREACHABLE_CODE = YES;
				CLANG_WARN__DUPLICATE_METHOD_MATCH = YES;
				COPY_PHASE_STRIP = NO;
				DEBUG_INFORMATION_FORMAT = dwarf;
				ENABLE_STRICT_OBJC_MSGSEND = YES;
				ENABLE_TESTABILITY = YES;
				ENABLE_USER_SCRIPT_SANDBOXING = YES;
				GCC_C_LANGUAGE_STANDARD = gnu17;
				GCC_DYNAMIC_NO_PIC = NO;
				GCC_NO_COMMON_BLOCKS = YES;
				GCC_OPTIMIZATION_LEVEL = 0;
				GCC_PREPROCESSOR_DEFINITIONS = (
					"DEBUG=1",
					"$(inherited)",
				);
				GCC_WARN_64_TO_32_BIT_CONVERSION = YES;
				GCC_WARN_ABOUT_RETURN_TYPE = YES_ERROR;
				GCC_WARN_UNDECLARED_SELECTOR = YES;
				GCC_WARN_UNINITIALIZED_AUTOS = YES_AGGRESSIVE;
				GCC_WARN_UNUSED_FUNCTION = YES;
				GCC_WARN_UNUSED_VARIABLE = YES;
				LOCALIZATION_PREFERS_STRING_CATALOGS = YES;
				MTL_ENABLE_DEBUG_INFO = INCLUDE_SOURCE;
				MTL_FAST_MATH = YES;
				ONLY_ACTIVE_ARCH = YES;
				SWIFT_ACTIVE_COMPILATION_CONDITIONS = "DEBUG $(inherited)";
				SWIFT_OPTIMIZATION_LEVEL = "-Onone";
			};
			name = Debug;
		};
		D49FB7502C9067A3001989B4 /* Release */ = {
			isa = XCBuildConfiguration;
			buildSettings = {
				ALWAYS_SEARCH_USER_PATHS = NO;
				ASSETCATALOG_COMPILER_GENERATE_SWIFT_ASSET_SYMBOL_EXTENSIONS = YES;
				CLANG_ANALYZER_NONNULL = YES;
				CLANG_ANALYZER_NUMBER_OBJECT_CONVERSION = YES_AGGRESSIVE;
				CLANG_CXX_LANGUAGE_STANDARD = "gnu++20";
				CLANG_ENABLE_MODULES = YES;
				CLANG_ENABLE_OBJC_ARC = YES;
				CLANG_ENABLE_OBJC_WEAK = YES;
				CLANG_WARN_BLOCK_CAPTURE_AUTORELEASING = YES;
				CLANG_WARN_BOOL_CONVERSION = YES;
				CLANG_WARN_COMMA = YES;
				CLANG_WARN_CONSTANT_CONVERSION = YES;
				CLANG_WARN_DEPRECATED_OBJC_IMPLEMENTATIONS = YES;
				CLANG_WARN_DIRECT_OBJC_ISA_USAGE = YES_ERROR;
				CLANG_WARN_DOCUMENTATION_COMMENTS = YES;
				CLANG_WARN_EMPTY_BODY = YES;
				CLANG_WARN_ENUM_CONVERSION = YES;
				CLANG_WARN_INFINITE_RECURSION = YES;
				CLANG_WARN_INT_CONVERSION = YES;
				CLANG_WARN_NON_LITERAL_NULL_CONVERSION = YES;
				CLANG_WARN_OBJC_IMPLICIT_RETAIN_SELF = YES;
				CLANG_WARN_OBJC_LITERAL_CONVERSION = YES;
				CLANG_WARN_OBJC_ROOT_CLASS = YES_ERROR;
				CLANG_WARN_QUOTED_INCLUDE_IN_FRAMEWORK_HEADER = YES;
				CLANG_WARN_RANGE_LOOP_ANALYSIS = YES;
				CLANG_WARN_STRICT_PROTOTYPES = YES;
				CLANG_WARN_SUSPICIOUS_MOVE = YES;
				CLANG_WARN_UNGUARDED_AVAILABILITY = YES_AGGRESSIVE;
				CLANG_WARN_UNREACHABLE_CODE = YES;
				CLANG_WARN__DUPLICATE_METHOD_MATCH = YES;
				COPY_PHASE_STRIP = NO;
				DEBUG_INFORMATION_FORMAT = "dwarf-with-dsym";
				ENABLE_NS_ASSERTIONS = NO;
				ENABLE_STRICT_OBJC_MSGSEND = YES;
				ENABLE_USER_SCRIPT_SANDBOXING = YES;
				GCC_C_LANGUAGE_STANDARD = gnu17;
				GCC_NO_COMMON_BLOCKS = YES;
				GCC_WARN_64_TO_32_BIT_CONVERSION = YES;
				GCC_WARN_ABOUT_RETURN_TYPE = YES_ERROR;
				GCC_WARN_UNDECLARED_SELECTOR = YES;
				GCC_WARN_UNINITIALIZED_AUTOS = YES_AGGRESSIVE;
				GCC_WARN_UNUSED_FUNCTION = YES;
				GCC_WARN_UNUSED_VARIABLE = YES;
				LOCALIZATION_PREFERS_STRING_CATALOGS = YES;
				MTL_ENABLE_DEBUG_INFO = NO;
				MTL_FAST_MATH = YES;
				SWIFT_COMPILATION_MODE = wholemodule;
			};
			name = Release;
		};
		D49FB7522C9067A3001989B4 /* Debug */ = {
			isa = XCBuildConfiguration;
			buildSettings = {
				ASSETCATALOG_COMPILER_APPICON_NAME = AppIcon;
				ASSETCATALOG_COMPILER_GLOBAL_ACCENT_COLOR_NAME = AccentColor;
				CODE_SIGN_ENTITLEMENTS = tagi/tagi.entitlements;
				CODE_SIGN_STYLE = Automatic;
				CURRENT_PROJECT_VERSION = 1;
				DEVELOPMENT_ASSET_PATHS = "\"tagi/Preview Content\"";
				ENABLE_PREVIEWS = YES;
				GENERATE_INFOPLIST_FILE = YES;
				"INFOPLIST_KEY_UIApplicationSceneManifest_Generation[sdk=iphoneos*]" = YES;
				"INFOPLIST_KEY_UIApplicationSceneManifest_Generation[sdk=iphonesimulator*]" = YES;
				"INFOPLIST_KEY_UIApplicationSupportsIndirectInputEvents[sdk=iphoneos*]" = YES;
				"INFOPLIST_KEY_UIApplicationSupportsIndirectInputEvents[sdk=iphonesimulator*]" = YES;
				"INFOPLIST_KEY_UILaunchScreen_Generation[sdk=iphoneos*]" = YES;
				"INFOPLIST_KEY_UILaunchScreen_Generation[sdk=iphonesimulator*]" = YES;
				"INFOPLIST_KEY_UIStatusBarStyle[sdk=iphoneos*]" = UIStatusBarStyleDefault;
				"INFOPLIST_KEY_UIStatusBarStyle[sdk=iphonesimulator*]" = UIStatusBarStyleDefault;
				INFOPLIST_KEY_UISupportedInterfaceOrientations_iPad = "UIInterfaceOrientationPortrait UIInterfaceOrientationPortraitUpsideDown UIInterfaceOrientationLandscapeLeft UIInterfaceOrientationLandscapeRight";
				INFOPLIST_KEY_UISupportedInterfaceOrientations_iPhone = "UIInterfaceOrientationPortrait UIInterfaceOrientationLandscapeLeft UIInterfaceOrientationLandscapeRight";
				IPHONEOS_DEPLOYMENT_TARGET = 17.5;
				LD_RUNPATH_SEARCH_PATHS = "@executable_path/Frameworks";
				"LD_RUNPATH_SEARCH_PATHS[sdk=macosx*]" = "@executable_path/../Frameworks";
				MACOSX_DEPLOYMENT_TARGET = 14.5;
				MARKETING_VERSION = 1.0;
				PRODUCT_BUNDLE_IDENTIFIER = tagi.tagi;
				PRODUCT_NAME = "$(TARGET_NAME)";
				SDKROOT = auto;
				SUPPORTED_PLATFORMS = "iphoneos iphonesimulator macosx";
				SWIFT_EMIT_LOC_STRINGS = YES;
				SWIFT_VERSION = 5.0;
				TARGETED_DEVICE_FAMILY = "1,2";
			};
			name = Debug;
		};
		D49FB7532C9067A3001989B4 /* Release */ = {
			isa = XCBuildConfiguration;
			buildSettings = {
				ASSETCATALOG_COMPILER_APPICON_NAME = AppIcon;
				ASSETCATALOG_COMPILER_GLOBAL_ACCENT_COLOR_NAME = AccentColor;
				CODE_SIGN_ENTITLEMENTS = tagi/tagi.entitlements;
				CODE_SIGN_STYLE = Automatic;
				CURRENT_PROJECT_VERSION = 1;
				DEVELOPMENT_ASSET_PATHS = "\"tagi/Preview Content\"";
				ENABLE_PREVIEWS = YES;
				GENERATE_INFOPLIST_FILE = YES;
				"INFOPLIST_KEY_UIApplicationSceneManifest_Generation[sdk=iphoneos*]" = YES;
				"INFOPLIST_KEY_UIApplicationSceneManifest_Generation[sdk=iphonesimulator*]" = YES;
				"INFOPLIST_KEY_UIApplicationSupportsIndirectInputEvents[sdk=iphoneos*]" = YES;
				"INFOPLIST_KEY_UIApplicationSupportsIndirectInputEvents[sdk=iphonesimulator*]" = YES;
				"INFOPLIST_KEY_UILaunchScreen_Generation[sdk=iphoneos*]" = YES;
				"INFOPLIST_KEY_UILaunchScreen_Generation[sdk=iphonesimulator*]" = YES;
				"INFOPLIST_KEY_UIStatusBarStyle[sdk=iphoneos*]" = UIStatusBarStyleDefault;
				"INFOPLIST_KEY_UIStatusBarStyle[sdk=iphonesimulator*]" = UIStatusBarStyleDefault;
				INFOPLIST_KEY_UISupportedInterfaceOrientations_iPad = "UIInterfaceOrientationPortrait UIInterfaceOrientationPortraitUpsideDown UIInterfaceOrientationLandscapeLeft UIInterfaceOrientationLandscapeRight";
				INFOPLIST_KEY_UISupportedInterfaceOrientations_iPhone = "UIInterfaceOrientationPortrait UIInterfaceOrientationLandscapeLeft UIInterfaceOrientationLandscapeRight";
				IPHONEOS_DEPLOYMENT_TARGET = 17.5;
				LD_RUNPATH_SEARCH_PATHS = "@executable_path/Frameworks";
				"LD_RUNPATH_SEARCH_PATHS[sdk=macosx*]" = "@executable_path/../Frameworks";
				MACOSX_DEPLOYMENT_TARGET = 14.5;
				MARKETING_VERSION = 1.0;
				PRODUCT_BUNDLE_IDENTIFIER = tagi.tagi;
				PRODUCT_NAME = "$(TARGET_NAME)";
				SDKROOT = auto;
				SUPPORTED_PLATFORMS = "iphoneos iphonesimulator macosx";
				SWIFT_EMIT_LOC_STRINGS = YES;
				SWIFT_VERSION = 5.0;
				TARGETED_DEVICE_FAMILY = "1,2";
			};
			name = Release;
		};
		D49FB7552C9067A3001989B4 /* Debug */ = {
			isa = XCBuildConfiguration;
			buildSettings = {
				ALWAYS_EMBED_SWIFT_STANDARD_LIBRARIES = YES;
				BUNDLE_LOADER = "$(TEST_HOST)";
				CODE_SIGN_STYLE = Automatic;
				CURRENT_PROJECT_VERSION = 1;
				GENERATE_INFOPLIST_FILE = YES;
				IPHONEOS_DEPLOYMENT_TARGET = 17.5;
				MACOSX_DEPLOYMENT_TARGET = 14.5;
				MARKETING_VERSION = 1.0;
				PRODUCT_BUNDLE_IDENTIFIER = tagi.tagiTests;
				PRODUCT_NAME = "$(TARGET_NAME)";
				SDKROOT = auto;
				SUPPORTED_PLATFORMS = "iphoneos iphonesimulator macosx";
				SWIFT_EMIT_LOC_STRINGS = NO;
				SWIFT_VERSION = 5.0;
				TARGETED_DEVICE_FAMILY = "1,2";
				TEST_HOST = "$(BUILT_PRODUCTS_DIR)/tagi.app/$(BUNDLE_EXECUTABLE_FOLDER_PATH)/tagi";
			};
			name = Debug;
		};
		D49FB7562C9067A3001989B4 /* Release */ = {
			isa = XCBuildConfiguration;
			buildSettings = {
				ALWAYS_EMBED_SWIFT_STANDARD_LIBRARIES = YES;
				BUNDLE_LOADER = "$(TEST_HOST)";
				CODE_SIGN_STYLE = Automatic;
				CURRENT_PROJECT_VERSION = 1;
				GENERATE_INFOPLIST_FILE = YES;
				IPHONEOS_DEPLOYMENT_TARGET = 17.5;
				MACOSX_DEPLOYMENT_TARGET = 14.5;
				MARKETING_VERSION = 1.0;
				PRODUCT_BUNDLE_IDENTIFIER = tagi.tagiTests;
				PRODUCT_NAME = "$(TARGET_NAME)";
				SDKROOT = auto;
				SUPPORTED_PLATFORMS = "iphoneos iphonesimulator macosx";
				SWIFT_EMIT_LOC_STRINGS = NO;
				SWIFT_VERSION = 5.0;
				TARGETED_DEVICE_FAMILY = "1,2";
				TEST_HOST = "$(BUILT_PRODUCTS_DIR)/tagi.app/$(BUNDLE_EXECUTABLE_FOLDER_PATH)/tagi";
			};
			name = Release;
		};
		D49FB7582C9067A3001989B4 /* Debug */ = {
			isa = XCBuildConfiguration;
			buildSettings = {
				ALWAYS_EMBED_SWIFT_STANDARD_LIBRARIES = YES;
				CODE_SIGN_STYLE = Automatic;
				CURRENT_PROJECT_VERSION = 1;
				GENERATE_INFOPLIST_FILE = YES;
				IPHONEOS_DEPLOYMENT_TARGET = 17.5;
				MACOSX_DEPLOYMENT_TARGET = 14.5;
				MARKETING_VERSION = 1.0;
				PRODUCT_BUNDLE_IDENTIFIER = tagi.tagiUITests;
				PRODUCT_NAME = "$(TARGET_NAME)";
				SDKROOT = auto;
				SUPPORTED_PLATFORMS = "iphoneos iphonesimulator macosx";
				SWIFT_EMIT_LOC_STRINGS = NO;
				SWIFT_VERSION = 5.0;
				TARGETED_DEVICE_FAMILY = "1,2";
				TEST_TARGET_NAME = tagi;
			};
			name = Debug;
		};
		D49FB7592C9067A3001989B4 /* Release */ = {
			isa = XCBuildConfiguration;
			buildSettings = {
				ALWAYS_EMBED_SWIFT_STANDARD_LIBRARIES = YES;
				CODE_SIGN_STYLE = Automatic;
				CURRENT_PROJECT_VERSION = 1;
				GENERATE_INFOPLIST_FILE = YES;
				IPHONEOS_DEPLOYMENT_TARGET = 17.5;
				MACOSX_DEPLOYMENT_TARGET = 14.5;
				MARKETING_VERSION = 1.0;
				PRODUCT_BUNDLE_IDENTIFIER = tagi.tagiUITests;
				PRODUCT_NAME = "$(TARGET_NAME)";
				SDKROOT = auto;
				SUPPORTED_PLATFORMS = "iphoneos iphonesimulator macosx";
				SWIFT_EMIT_LOC_STRINGS = NO;
				SWIFT_VERSION = 5.0;
				TARGETED_DEVICE_FAMILY = "1,2";
				TEST_TARGET_NAME = tagi;
			};
			name = Release;
		};
/* End XCBuildConfiguration section */

/* Begin XCConfigurationList section */
		D49FB7272C9067A2001989B4 /* Build configuration list for PBXProject "tagi" */ = {
			isa = XCConfigurationList;
			buildConfigurations = (
				D49FB74F2C9067A3001989B4 /* Debug */,
				D49FB7502C9067A3001989B4 /* Release */,
			);
			defaultConfigurationIsVisible = 0;
			defaultConfigurationName = Release;
		};
		D49FB7512C9067A3001989B4 /* Build configuration list for PBXNativeTarget "tagi" */ = {
			isa = XCConfigurationList;
			buildConfigurations = (
				D49FB7522C9067A3001989B4 /* Debug */,
				D49FB7532C9067A3001989B4 /* Release */,
			);
			defaultConfigurationIsVisible = 0;
			defaultConfigurationName = Release;
		};
		D49FB7542C9067A3001989B4 /* Build configuration list for PBXNativeTarget "tagiTests" */ = {
			isa = XCConfigurationList;
			buildConfigurations = (
				D49FB7552C9067A3001989B4 /* Debug */,
				D49FB7562C9067A3001989B4 /* Release */,
			);
			defaultConfigurationIsVisible = 0;
			defaultConfigurationName = Release;
		};
		D49FB7572C9067A3001989B4 /* Build configuration list for PBXNativeTarget "tagiUITests" */ = {
			isa = XCConfigurationList;
			buildConfigurations = (
				D49FB7582C9067A3001989B4 /* Debug */,
				D49FB7592C9067A3001989B4 /* Release */,
			);
			defaultConfigurationIsVisible = 0;
			defaultConfigurationName = Release;
		};
/* End XCConfigurationList section */
	};
	rootObject = D49FB7242C9067A2001989B4 /* Project object */;
}
